// !$*UTF8*$!
{
	archiveVersion = 1;
	classes = {
	};
	objectVersion = 50;
	objects = {

/* Begin PBXBuildFile section */
		D7D9AE2B2518C9DD00624A4F /* solitaryWatchApp WatchKit App.app in Embed Watch Content */ = {isa = PBXBuildFile; fileRef = D7D9AE2A2518C9DD00624A4F /* solitaryWatchApp WatchKit App.app */; settings = {ATTRIBUTES = (RemoveHeadersOnCopy, ); }; };
		D7D9AE302518C9DF00624A4F /* Assets.xcassets in Resources */ = {isa = PBXBuildFile; fileRef = D7D9AE2F2518C9DF00624A4F /* Assets.xcassets */; };
		D7D9AE372518C9DF00624A4F /* solitaryWatchApp WatchKit Extension.appex in Embed App Extensions */ = {isa = PBXBuildFile; fileRef = D7D9AE362518C9DF00624A4F /* solitaryWatchApp WatchKit Extension.appex */; settings = {ATTRIBUTES = (RemoveHeadersOnCopy, ); }; };
		D7D9AE3C2518C9DF00624A4F /* solitaryWatchAppApp.swift in Sources */ = {isa = PBXBuildFile; fileRef = D7D9AE3B2518C9DF00624A4F /* solitaryWatchAppApp.swift */; };
		D7D9AE3E2518C9DF00624A4F /* ContentView.swift in Sources */ = {isa = PBXBuildFile; fileRef = D7D9AE3D2518C9DF00624A4F /* ContentView.swift */; };
		D7D9AE402518C9DF00624A4F /* NotificationController.swift in Sources */ = {isa = PBXBuildFile; fileRef = D7D9AE3F2518C9DF00624A4F /* NotificationController.swift */; };
		D7D9AE422518C9DF00624A4F /* NotificationView.swift in Sources */ = {isa = PBXBuildFile; fileRef = D7D9AE412518C9DF00624A4F /* NotificationView.swift */; };
		D7D9AE442518C9DF00624A4F /* ComplicationController.swift in Sources */ = {isa = PBXBuildFile; fileRef = D7D9AE432518C9DF00624A4F /* ComplicationController.swift */; };
		D7D9AE462518C9DF00624A4F /* Assets.xcassets in Resources */ = {isa = PBXBuildFile; fileRef = D7D9AE452518C9DF00624A4F /* Assets.xcassets */; };
		D7D9AE492518C9DF00624A4F /* Preview Assets.xcassets in Resources */ = {isa = PBXBuildFile; fileRef = D7D9AE482518C9DF00624A4F /* Preview Assets.xcassets */; };
/* End PBXBuildFile section */

/* Begin PBXContainerItemProxy section */
		D7D9AE2C2518C9DD00624A4F /* PBXContainerItemProxy */ = {
			isa = PBXContainerItemProxy;
			containerPortal = D7D9AE202518C9DD00624A4F /* Project object */;
			proxyType = 1;
			remoteGlobalIDString = D7D9AE292518C9DD00624A4F;
			remoteInfo = "solitaryWatchApp WatchKit App";
		};
		D7D9AE382518C9DF00624A4F /* PBXContainerItemProxy */ = {
			isa = PBXContainerItemProxy;
			containerPortal = D7D9AE202518C9DD00624A4F /* Project object */;
			proxyType = 1;
			remoteGlobalIDString = D7D9AE352518C9DF00624A4F;
			remoteInfo = "solitaryWatchApp WatchKit Extension";
		};
/* End PBXContainerItemProxy section */

/* Begin PBXCopyFilesBuildPhase section */
		D7D9AE512518C9DF00624A4F /* Embed App Extensions */ = {
			isa = PBXCopyFilesBuildPhase;
			buildActionMask = 2147483647;
			dstPath = "";
			dstSubfolderSpec = 13;
			files = (
				D7D9AE372518C9DF00624A4F /* solitaryWatchApp WatchKit Extension.appex in Embed App Extensions */,
			);
			name = "Embed App Extensions";
			runOnlyForDeploymentPostprocessing = 0;
		};
		D7D9AE552518C9DF00624A4F /* Embed Watch Content */ = {
			isa = PBXCopyFilesBuildPhase;
			buildActionMask = 2147483647;
			dstPath = "$(CONTENTS_FOLDER_PATH)/Watch";
			dstSubfolderSpec = 16;
			files = (
				D7D9AE2B2518C9DD00624A4F /* solitaryWatchApp WatchKit App.app in Embed Watch Content */,
			);
			name = "Embed Watch Content";
			runOnlyForDeploymentPostprocessing = 0;
		};
/* End PBXCopyFilesBuildPhase section */

/* Begin PBXFileReference section */
		D7D9AE262518C9DD00624A4F /* solitaryWatchApp.app */ = {isa = PBXFileReference; explicitFileType = wrapper.application; includeInIndex = 0; path = solitaryWatchApp.app; sourceTree = BUILT_PRODUCTS_DIR; };
		D7D9AE2A2518C9DD00624A4F /* solitaryWatchApp WatchKit App.app */ = {isa = PBXFileReference; explicitFileType = wrapper.application; includeInIndex = 0; path = "solitaryWatchApp WatchKit App.app"; sourceTree = BUILT_PRODUCTS_DIR; };
		D7D9AE2F2518C9DF00624A4F /* Assets.xcassets */ = {isa = PBXFileReference; lastKnownFileType = folder.assetcatalog; path = Assets.xcassets; sourceTree = "<group>"; };
		D7D9AE312518C9DF00624A4F /* Info.plist */ = {isa = PBXFileReference; lastKnownFileType = text.plist.xml; path = Info.plist; sourceTree = "<group>"; };
		D7D9AE362518C9DF00624A4F /* solitaryWatchApp WatchKit Extension.appex */ = {isa = PBXFileReference; explicitFileType = "wrapper.app-extension"; includeInIndex = 0; path = "solitaryWatchApp WatchKit Extension.appex"; sourceTree = BUILT_PRODUCTS_DIR; };
		D7D9AE3B2518C9DF00624A4F /* solitaryWatchAppApp.swift */ = {isa = PBXFileReference; lastKnownFileType = sourcecode.swift; path = solitaryWatchAppApp.swift; sourceTree = "<group>"; };
		D7D9AE3D2518C9DF00624A4F /* ContentView.swift */ = {isa = PBXFileReference; lastKnownFileType = sourcecode.swift; path = ContentView.swift; sourceTree = "<group>"; };
		D7D9AE3F2518C9DF00624A4F /* NotificationController.swift */ = {isa = PBXFileReference; lastKnownFileType = sourcecode.swift; path = NotificationController.swift; sourceTree = "<group>"; };
		D7D9AE412518C9DF00624A4F /* NotificationView.swift */ = {isa = PBXFileReference; lastKnownFileType = sourcecode.swift; path = NotificationView.swift; sourceTree = "<group>"; };
		D7D9AE432518C9DF00624A4F /* ComplicationController.swift */ = {isa = PBXFileReference; lastKnownFileType = sourcecode.swift; path = ComplicationController.swift; sourceTree = "<group>"; };
		D7D9AE452518C9DF00624A4F /* Assets.xcassets */ = {isa = PBXFileReference; lastKnownFileType = folder.assetcatalog; path = Assets.xcassets; sourceTree = "<group>"; };
		D7D9AE482518C9DF00624A4F /* Preview Assets.xcassets */ = {isa = PBXFileReference; lastKnownFileType = folder.assetcatalog; path = "Preview Assets.xcassets"; sourceTree = "<group>"; };
		D7D9AE4A2518C9DF00624A4F /* Info.plist */ = {isa = PBXFileReference; lastKnownFileType = text.plist.xml; path = Info.plist; sourceTree = "<group>"; };
		D7D9AE4B2518C9DF00624A4F /* PushNotificationPayload.apns */ = {isa = PBXFileReference; lastKnownFileType = text; path = PushNotificationPayload.apns; sourceTree = "<group>"; };
/* End PBXFileReference section */

/* Begin PBXFrameworksBuildPhase section */
		D7D9AE332518C9DF00624A4F /* Frameworks */ = {
			isa = PBXFrameworksBuildPhase;
			buildActionMask = 2147483647;
			files = (
			);
			runOnlyForDeploymentPostprocessing = 0;
		};
/* End PBXFrameworksBuildPhase section */

/* Begin PBXGroup section */
		D7D9AE1F2518C9DD00624A4F = {
			isa = PBXGroup;
			children = (
				D7D9AE2E2518C9DD00624A4F /* solitaryWatchApp WatchKit App */,
				D7D9AE3A2518C9DF00624A4F /* solitaryWatchApp WatchKit Extension */,
				D7D9AE272518C9DD00624A4F /* Products */,
			);
			sourceTree = "<group>";
		};
		D7D9AE272518C9DD00624A4F /* Products */ = {
			isa = PBXGroup;
			children = (
				D7D9AE262518C9DD00624A4F /* solitaryWatchApp.app */,
				D7D9AE2A2518C9DD00624A4F /* solitaryWatchApp WatchKit App.app */,
				D7D9AE362518C9DF00624A4F /* solitaryWatchApp WatchKit Extension.appex */,
			);
			name = Products;
			sourceTree = "<group>";
		};
		D7D9AE2E2518C9DD00624A4F /* solitaryWatchApp WatchKit App */ = {
			isa = PBXGroup;
			children = (
				D7D9AE2F2518C9DF00624A4F /* Assets.xcassets */,
				D7D9AE312518C9DF00624A4F /* Info.plist */,
			);
			path = "solitaryWatchApp WatchKit App";
			sourceTree = "<group>";
		};
		D7D9AE3A2518C9DF00624A4F /* solitaryWatchApp WatchKit Extension */ = {
			isa = PBXGroup;
			children = (
				D7D9AE3B2518C9DF00624A4F /* solitaryWatchAppApp.swift */,
				D7D9AE3D2518C9DF00624A4F /* ContentView.swift */,
				D7D9AE3F2518C9DF00624A4F /* NotificationController.swift */,
				D7D9AE412518C9DF00624A4F /* NotificationView.swift */,
				D7D9AE432518C9DF00624A4F /* ComplicationController.swift */,
				D7D9AE452518C9DF00624A4F /* Assets.xcassets */,
				D7D9AE4A2518C9DF00624A4F /* Info.plist */,
				D7D9AE4B2518C9DF00624A4F /* PushNotificationPayload.apns */,
				D7D9AE472518C9DF00624A4F /* Preview Content */,
			);
			path = "solitaryWatchApp WatchKit Extension";
			sourceTree = "<group>";
		};
		D7D9AE472518C9DF00624A4F /* Preview Content */ = {
			isa = PBXGroup;
			children = (
				D7D9AE482518C9DF00624A4F /* Preview Assets.xcassets */,
			);
			path = "Preview Content";
			sourceTree = "<group>";
		};
/* End PBXGroup section */

/* Begin PBXNativeTarget section */
		D7D9AE252518C9DD00624A4F /* solitaryWatchApp */ = {
			isa = PBXNativeTarget;
			buildConfigurationList = D7D9AE562518C9DF00624A4F /* Build configuration list for PBXNativeTarget "solitaryWatchApp" */;
			buildPhases = (
				D7D9AE242518C9DD00624A4F /* Resources */,
				D7D9AE552518C9DF00624A4F /* Embed Watch Content */,
			);
			buildRules = (
			);
			dependencies = (
				D7D9AE2D2518C9DD00624A4F /* PBXTargetDependency */,
			);
			name = solitaryWatchApp;
			productName = solitaryWatchApp;
			productReference = D7D9AE262518C9DD00624A4F /* solitaryWatchApp.app */;
			productType = "com.apple.product-type.application.watchapp2-container";
		};
		D7D9AE292518C9DD00624A4F /* solitaryWatchApp WatchKit App */ = {
			isa = PBXNativeTarget;
			buildConfigurationList = D7D9AE522518C9DF00624A4F /* Build configuration list for PBXNativeTarget "solitaryWatchApp WatchKit App" */;
			buildPhases = (
				D7D9AE282518C9DD00624A4F /* Resources */,
				D7D9AE512518C9DF00624A4F /* Embed App Extensions */,
			);
			buildRules = (
			);
			dependencies = (
				D7D9AE392518C9DF00624A4F /* PBXTargetDependency */,
			);
			name = "solitaryWatchApp WatchKit App";
			productName = "solitaryWatchApp WatchKit App";
			productReference = D7D9AE2A2518C9DD00624A4F /* solitaryWatchApp WatchKit App.app */;
			productType = "com.apple.product-type.application.watchapp2";
		};
		D7D9AE352518C9DF00624A4F /* solitaryWatchApp WatchKit Extension */ = {
			isa = PBXNativeTarget;
			buildConfigurationList = D7D9AE4E2518C9DF00624A4F /* Build configuration list for PBXNativeTarget "solitaryWatchApp WatchKit Extension" */;
			buildPhases = (
				D7D9AE322518C9DF00624A4F /* Sources */,
				D7D9AE332518C9DF00624A4F /* Frameworks */,
				D7D9AE342518C9DF00624A4F /* Resources */,
			);
			buildRules = (
			);
			dependencies = (
			);
			name = "solitaryWatchApp WatchKit Extension";
			productName = "solitaryWatchApp WatchKit Extension";
			productReference = D7D9AE362518C9DF00624A4F /* solitaryWatchApp WatchKit Extension.appex */;
			productType = "com.apple.product-type.watchkit2-extension";
		};
/* End PBXNativeTarget section */

/* Begin PBXProject section */
		D7D9AE202518C9DD00624A4F /* Project object */ = {
			isa = PBXProject;
			attributes = {
				LastSwiftUpdateCheck = 1200;
				LastUpgradeCheck = 1200;
				TargetAttributes = {
					D7D9AE252518C9DD00624A4F = {
						CreatedOnToolsVersion = 12.0;
					};
					D7D9AE292518C9DD00624A4F = {
						CreatedOnToolsVersion = 12.0;
					};
					D7D9AE352518C9DF00624A4F = {
						CreatedOnToolsVersion = 12.0;
					};
				};
			};
			buildConfigurationList = D7D9AE232518C9DD00624A4F /* Build configuration list for PBXProject "solitaryWatchApp" */;
			compatibilityVersion = "Xcode 9.3";
			developmentRegion = en;
			hasScannedForEncodings = 0;
			knownRegions = (
				en,
				Base,
			);
			mainGroup = D7D9AE1F2518C9DD00624A4F;
			productRefGroup = D7D9AE272518C9DD00624A4F /* Products */;
			projectDirPath = "";
			projectRoot = "";
			targets = (
				D7D9AE252518C9DD00624A4F /* solitaryWatchApp */,
				D7D9AE292518C9DD00624A4F /* solitaryWatchApp WatchKit App */,
				D7D9AE352518C9DF00624A4F /* solitaryWatchApp WatchKit Extension */,
			);
		};
/* End PBXProject section */

/* Begin PBXResourcesBuildPhase section */
		D7D9AE242518C9DD00624A4F /* Resources */ = {
			isa = PBXResourcesBuildPhase;
			buildActionMask = 2147483647;
			files = (
			);
			runOnlyForDeploymentPostprocessing = 0;
		};
		D7D9AE282518C9DD00624A4F /* Resources */ = {
			isa = PBXResourcesBuildPhase;
			buildActionMask = 2147483647;
			files = (
				D7D9AE302518C9DF00624A4F /* Assets.xcassets in Resources */,
			);
			runOnlyForDeploymentPostprocessing = 0;
		};
		D7D9AE342518C9DF00624A4F /* Resources */ = {
			isa = PBXResourcesBuildPhase;
			buildActionMask = 2147483647;
			files = (
				D7D9AE492518C9DF00624A4F /* Preview Assets.xcassets in Resources */,
				D7D9AE462518C9DF00624A4F /* Assets.xcassets in Resources */,
			);
			runOnlyForDeploymentPostprocessing = 0;
		};
/* End PBXResourcesBuildPhase section */

/* Begin PBXSourcesBuildPhase section */
		D7D9AE322518C9DF00624A4F /* Sources */ = {
			isa = PBXSourcesBuildPhase;
			buildActionMask = 2147483647;
			files = (
				D7D9AE402518C9DF00624A4F /* NotificationController.swift in Sources */,
				D7D9AE3E2518C9DF00624A4F /* ContentView.swift in Sources */,
				D7D9AE442518C9DF00624A4F /* ComplicationController.swift in Sources */,
				D7D9AE3C2518C9DF00624A4F /* solitaryWatchAppApp.swift in Sources */,
				D7D9AE422518C9DF00624A4F /* NotificationView.swift in Sources */,
			);
			runOnlyForDeploymentPostprocessing = 0;
		};
/* End PBXSourcesBuildPhase section */

/* Begin PBXTargetDependency section */
		D7D9AE2D2518C9DD00624A4F /* PBXTargetDependency */ = {
			isa = PBXTargetDependency;
			target = D7D9AE292518C9DD00624A4F /* solitaryWatchApp WatchKit App */;
			targetProxy = D7D9AE2C2518C9DD00624A4F /* PBXContainerItemProxy */;
		};
		D7D9AE392518C9DF00624A4F /* PBXTargetDependency */ = {
			isa = PBXTargetDependency;
			target = D7D9AE352518C9DF00624A4F /* solitaryWatchApp WatchKit Extension */;
			targetProxy = D7D9AE382518C9DF00624A4F /* PBXContainerItemProxy */;
		};
/* End PBXTargetDependency section */

/* Begin XCBuildConfiguration section */
		D7D9AE4C2518C9DF00624A4F /* Debug */ = {
			isa = XCBuildConfiguration;
			buildSettings = {
				ALWAYS_SEARCH_USER_PATHS = NO;
				CLANG_ANALYZER_NONNULL = YES;
				CLANG_ANALYZER_NUMBER_OBJECT_CONVERSION = YES_AGGRESSIVE;
				CLANG_CXX_LANGUAGE_STANDARD = "gnu++14";
				CLANG_CXX_LIBRARY = "libc++";
				CLANG_ENABLE_MODULES = YES;
				CLANG_ENABLE_OBJC_ARC = YES;
				CLANG_ENABLE_OBJC_WEAK = YES;
				CLANG_WARN_BLOCK_CAPTURE_AUTORELEASING = YES;
				CLANG_WARN_BOOL_CONVERSION = YES;
				CLANG_WARN_COMMA = YES;
				CLANG_WARN_CONSTANT_CONVERSION = YES;
				CLANG_WARN_DEPRECATED_OBJC_IMPLEMENTATIONS = YES;
				CLANG_WARN_DIRECT_OBJC_ISA_USAGE = YES_ERROR;
				CLANG_WARN_DOCUMENTATION_COMMENTS = YES;
				CLANG_WARN_EMPTY_BODY = YES;
				CLANG_WARN_ENUM_CONVERSION = YES;
				CLANG_WARN_INFINITE_RECURSION = YES;
				CLANG_WARN_INT_CONVERSION = YES;
				CLANG_WARN_NON_LITERAL_NULL_CONVERSION = YES;
				CLANG_WARN_OBJC_IMPLICIT_RETAIN_SELF = YES;
				CLANG_WARN_OBJC_LITERAL_CONVERSION = YES;
				CLANG_WARN_OBJC_ROOT_CLASS = YES_ERROR;
				CLANG_WARN_QUOTED_INCLUDE_IN_FRAMEWORK_HEADER = YES;
				CLANG_WARN_RANGE_LOOP_ANALYSIS = YES;
				CLANG_WARN_STRICT_PROTOTYPES = YES;
				CLANG_WARN_SUSPICIOUS_MOVE = YES;
				CLANG_WARN_UNGUARDED_AVAILABILITY = YES_AGGRESSIVE;
				CLANG_WARN_UNREACHABLE_CODE = YES;
				CLANG_WARN__DUPLICATE_METHOD_MATCH = YES;
				COPY_PHASE_STRIP = NO;
				DEBUG_INFORMATION_FORMAT = dwarf;
				ENABLE_STRICT_OBJC_MSGSEND = YES;
				ENABLE_TESTABILITY = YES;
				GCC_C_LANGUAGE_STANDARD = gnu11;
				GCC_DYNAMIC_NO_PIC = NO;
				GCC_NO_COMMON_BLOCKS = YES;
				GCC_OPTIMIZATION_LEVEL = 0;
				GCC_PREPROCESSOR_DEFINITIONS = (
					"DEBUG=1",
					"$(inherited)",
				);
				GCC_WARN_64_TO_32_BIT_CONVERSION = YES;
				GCC_WARN_ABOUT_RETURN_TYPE = YES_ERROR;
				GCC_WARN_UNDECLARED_SELECTOR = YES;
				GCC_WARN_UNINITIALIZED_AUTOS = YES_AGGRESSIVE;
				GCC_WARN_UNUSED_FUNCTION = YES;
				GCC_WARN_UNUSED_VARIABLE = YES;
				MTL_ENABLE_DEBUG_INFO = INCLUDE_SOURCE;
				MTL_FAST_MATH = YES;
				ONLY_ACTIVE_ARCH = YES;
				SDKROOT = iphoneos;
				SWIFT_ACTIVE_COMPILATION_CONDITIONS = DEBUG;
				SWIFT_OPTIMIZATION_LEVEL = "-Onone";
			};
			name = Debug;
		};
		D7D9AE4D2518C9DF00624A4F /* Release */ = {
			isa = XCBuildConfiguration;
			buildSettings = {
				ALWAYS_SEARCH_USER_PATHS = NO;
				CLANG_ANALYZER_NONNULL = YES;
				CLANG_ANALYZER_NUMBER_OBJECT_CONVERSION = YES_AGGRESSIVE;
				CLANG_CXX_LANGUAGE_STANDARD = "gnu++14";
				CLANG_CXX_LIBRARY = "libc++";
				CLANG_ENABLE_MODULES = YES;
				CLANG_ENABLE_OBJC_ARC = YES;
				CLANG_ENABLE_OBJC_WEAK = YES;
				CLANG_WARN_BLOCK_CAPTURE_AUTORELEASING = YES;
				CLANG_WARN_BOOL_CONVERSION = YES;
				CLANG_WARN_COMMA = YES;
				CLANG_WARN_CONSTANT_CONVERSION = YES;
				CLANG_WARN_DEPRECATED_OBJC_IMPLEMENTATIONS = YES;
				CLANG_WARN_DIRECT_OBJC_ISA_USAGE = YES_ERROR;
				CLANG_WARN_DOCUMENTATION_COMMENTS = YES;
				CLANG_WARN_EMPTY_BODY = YES;
				CLANG_WARN_ENUM_CONVERSION = YES;
				CLANG_WARN_INFINITE_RECURSION = YES;
				CLANG_WARN_INT_CONVERSION = YES;
				CLANG_WARN_NON_LITERAL_NULL_CONVERSION = YES;
				CLANG_WARN_OBJC_IMPLICIT_RETAIN_SELF = YES;
				CLANG_WARN_OBJC_LITERAL_CONVERSION = YES;
				CLANG_WARN_OBJC_ROOT_CLASS = YES_ERROR;
				CLANG_WARN_QUOTED_INCLUDE_IN_FRAMEWORK_HEADER = YES;
				CLANG_WARN_RANGE_LOOP_ANALYSIS = YES;
				CLANG_WARN_STRICT_PROTOTYPES = YES;
				CLANG_WARN_SUSPICIOUS_MOVE = YES;
				CLANG_WARN_UNGUARDED_AVAILABILITY = YES_AGGRESSIVE;
				CLANG_WARN_UNREACHABLE_CODE = YES;
				CLANG_WARN__DUPLICATE_METHOD_MATCH = YES;
				COPY_PHASE_STRIP = NO;
				DEBUG_INFORMATION_FORMAT = "dwarf-with-dsym";
				ENABLE_NS_ASSERTIONS = NO;
				ENABLE_STRICT_OBJC_MSGSEND = YES;
				GCC_C_LANGUAGE_STANDARD = gnu11;
				GCC_NO_COMMON_BLOCKS = YES;
				GCC_WARN_64_TO_32_BIT_CONVERSION = YES;
				GCC_WARN_ABOUT_RETURN_TYPE = YES_ERROR;
				GCC_WARN_UNDECLARED_SELECTOR = YES;
				GCC_WARN_UNINITIALIZED_AUTOS = YES_AGGRESSIVE;
				GCC_WARN_UNUSED_FUNCTION = YES;
				GCC_WARN_UNUSED_VARIABLE = YES;
				MTL_ENABLE_DEBUG_INFO = NO;
				MTL_FAST_MATH = YES;
				SDKROOT = iphoneos;
				SWIFT_COMPILATION_MODE = wholemodule;
				SWIFT_OPTIMIZATION_LEVEL = "-O";
				VALIDATE_PRODUCT = YES;
			};
			name = Release;
		};
		D7D9AE4F2518C9DF00624A4F /* Debug */ = {
			isa = XCBuildConfiguration;
			buildSettings = {
				ASSETCATALOG_COMPILER_COMPLICATION_NAME = Complication;
				CODE_SIGN_STYLE = Automatic;
				DEVELOPMENT_ASSET_PATHS = "\"solitaryWatchApp WatchKit Extension/Preview Content\"";
				DEVELOPMENT_TEAM = 7DUK8PUDQ9;
				ENABLE_PREVIEWS = YES;
				INFOPLIST_FILE = "solitaryWatchApp WatchKit Extension/Info.plist";
				LD_RUNPATH_SEARCH_PATHS = (
					"$(inherited)",
					"@executable_path/Frameworks",
					"@executable_path/../../Frameworks",
				);
				PRODUCT_BUNDLE_IDENTIFIER = com.example.kmp.solitaryWatchApp.watchkitapp.watchkitextension;
				PRODUCT_NAME = "${TARGET_NAME}";
				SDKROOT = watchos;
				SKIP_INSTALL = YES;
				SWIFT_VERSION = 5.0;
				TARGETED_DEVICE_FAMILY = 4;
				WATCHOS_DEPLOYMENT_TARGET = 7.0;
			};
			name = Debug;
		};
		D7D9AE502518C9DF00624A4F /* Release */ = {
			isa = XCBuildConfiguration;
			buildSettings = {
				ASSETCATALOG_COMPILER_COMPLICATION_NAME = Complication;
				CODE_SIGN_STYLE = Automatic;
				DEVELOPMENT_ASSET_PATHS = "\"solitaryWatchApp WatchKit Extension/Preview Content\"";
				DEVELOPMENT_TEAM = 7DUK8PUDQ9;
				ENABLE_PREVIEWS = YES;
				INFOPLIST_FILE = "solitaryWatchApp WatchKit Extension/Info.plist";
				LD_RUNPATH_SEARCH_PATHS = (
					"$(inherited)",
					"@executable_path/Frameworks",
					"@executable_path/../../Frameworks",
				);
				PRODUCT_BUNDLE_IDENTIFIER = com.example.kmp.solitaryWatchApp.watchkitapp.watchkitextension;
				PRODUCT_NAME = "${TARGET_NAME}";
				SDKROOT = watchos;
				SKIP_INSTALL = YES;
				SWIFT_VERSION = 5.0;
				TARGETED_DEVICE_FAMILY = 4;
				WATCHOS_DEPLOYMENT_TARGET = 7.0;
			};
			name = Release;
		};
		D7D9AE532518C9DF00624A4F /* Debug */ = {
			isa = XCBuildConfiguration;
			buildSettings = {
				ALWAYS_EMBED_SWIFT_STANDARD_LIBRARIES = YES;
				ASSETCATALOG_COMPILER_APPICON_NAME = AppIcon;
				ASSETCATALOG_COMPILER_GLOBAL_ACCENT_COLOR_NAME = AccentColor;
				CODE_SIGN_STYLE = Automatic;
				DEVELOPMENT_TEAM = 7DUK8PUDQ9;
				IBSC_MODULE = solitaryWatchApp_WatchKit_Extension;
				INFOPLIST_FILE = "solitaryWatchApp WatchKit App/Info.plist";
				PRODUCT_BUNDLE_IDENTIFIER = com.example.kmp.solitaryWatchApp.watchkitapp;
				PRODUCT_NAME = "$(TARGET_NAME)";
				SDKROOT = watchos;
				SKIP_INSTALL = YES;
				SWIFT_VERSION = 5.0;
				TARGETED_DEVICE_FAMILY = 4;
				WATCHOS_DEPLOYMENT_TARGET = 7.0;
			};
			name = Debug;
		};
		D7D9AE542518C9DF00624A4F /* Release */ = {
			isa = XCBuildConfiguration;
			buildSettings = {
				ALWAYS_EMBED_SWIFT_STANDARD_LIBRARIES = YES;
				ASSETCATALOG_COMPILER_APPICON_NAME = AppIcon;
				ASSETCATALOG_COMPILER_GLOBAL_ACCENT_COLOR_NAME = AccentColor;
				CODE_SIGN_STYLE = Automatic;
				DEVELOPMENT_TEAM = 7DUK8PUDQ9;
				IBSC_MODULE = solitaryWatchApp_WatchKit_Extension;
				INFOPLIST_FILE = "solitaryWatchApp WatchKit App/Info.plist";
				PRODUCT_BUNDLE_IDENTIFIER = com.example.kmp.solitaryWatchApp.watchkitapp;
				PRODUCT_NAME = "$(TARGET_NAME)";
				SDKROOT = watchos;
				SKIP_INSTALL = YES;
				SWIFT_VERSION = 5.0;
				TARGETED_DEVICE_FAMILY = 4;
				WATCHOS_DEPLOYMENT_TARGET = 7.0;
			};
			name = Release;
		};
		D7D9AE572518C9DF00624A4F /* Debug */ = {
			isa = XCBuildConfiguration;
			buildSettings = {
				CODE_SIGN_STYLE = Automatic;
				CURRENT_PROJECT_VERSION = 1;
				DEVELOPMENT_TEAM = 7DUK8PUDQ9;
				MARKETING_VERSION = 1.0;
				PRODUCT_BUNDLE_IDENTIFIER = com.example.kmp.solitaryWatchApp;
				PRODUCT_NAME = "$(TARGET_NAME)";
				SWIFT_VERSION = 5.0;
			};
			name = Debug;
		};
		D7D9AE582518C9DF00624A4F /* Release */ = {
			isa = XCBuildConfiguration;
			buildSettings = {
				CODE_SIGN_STYLE = Automatic;
				CURRENT_PROJECT_VERSION = 1;
				DEVELOPMENT_TEAM = 7DUK8PUDQ9;
				MARKETING_VERSION = 1.0;
				PRODUCT_BUNDLE_IDENTIFIER = com.example.kmp.solitaryWatchApp;
				PRODUCT_NAME = "$(TARGET_NAME)";
				SWIFT_VERSION = 5.0;
			};
			name = Release;
		};
/* End XCBuildConfiguration section */

/* Begin XCConfigurationList section */
		D7D9AE232518C9DD00624A4F /* Build configuration list for PBXProject "solitaryWatchApp" */ = {
			isa = XCConfigurationList;
			buildConfigurations = (
				D7D9AE4C2518C9DF00624A4F /* Debug */,
				D7D9AE4D2518C9DF00624A4F /* Release */,
			);
			defaultConfigurationIsVisible = 0;
			defaultConfigurationName = Release;
		};
		D7D9AE4E2518C9DF00624A4F /* Build configuration list for PBXNativeTarget "solitaryWatchApp WatchKit Extension" */ = {
			isa = XCConfigurationList;
			buildConfigurations = (
				D7D9AE4F2518C9DF00624A4F /* Debug */,
				D7D9AE502518C9DF00624A4F /* Release */,
			);
			defaultConfigurationIsVisible = 0;
			defaultConfigurationName = Release;
		};
		D7D9AE522518C9DF00624A4F /* Build configuration list for PBXNativeTarget "solitaryWatchApp WatchKit App" */ = {
			isa = XCConfigurationList;
			buildConfigurations = (
				D7D9AE532518C9DF00624A4F /* Debug */,
				D7D9AE542518C9DF00624A4F /* Release */,
			);
			defaultConfigurationIsVisible = 0;
			defaultConfigurationName = Release;
		};
		D7D9AE562518C9DF00624A4F /* Build configuration list for PBXNativeTarget "solitaryWatchApp" */ = {
			isa = XCConfigurationList;
			buildConfigurations = (
				D7D9AE572518C9DF00624A4F /* Debug */,
				D7D9AE582518C9DF00624A4F /* Release */,
			);
			defaultConfigurationIsVisible = 0;
			defaultConfigurationName = Release;
		};
/* End XCConfigurationList section */
	};
	rootObject = D7D9AE202518C9DD00624A4F /* Project object */;
}
